// !$*UTF8*$!
{
	archiveVersion = 1;
	classes = {
	};
	objectVersion = 50;
	objects = {

/* Begin PBXBuildFile section */
		77C418A7220DC885004233FB /* AppDelegate.swift in Sources */ = {isa = PBXBuildFile; fileRef = 77C418A6220DC885004233FB /* AppDelegate.swift */; };
		77C418A9220DC885004233FB /* ViewController.swift in Sources */ = {isa = PBXBuildFile; fileRef = 77C418A8220DC885004233FB /* ViewController.swift */; };
		77C418AC220DC885004233FB /* Main.storyboard in Resources */ = {isa = PBXBuildFile; fileRef = 77C418AA220DC885004233FB /* Main.storyboard */; };
		77C418AE220DC886004233FB /* Assets.xcassets in Resources */ = {isa = PBXBuildFile; fileRef = 77C418AD220DC886004233FB /* Assets.xcassets */; };
		77C418B1220DC886004233FB /* LaunchScreen.storyboard in Resources */ = {isa = PBXBuildFile; fileRef = 77C418AF220DC886004233FB /* LaunchScreen.storyboard */; };
		77C418BA220DCC04004233FB /* 800.mp4 in Resources */ = {isa = PBXBuildFile; fileRef = 77C418B9220DCB41004233FB /* 800.mp4 */; };
/* End PBXBuildFile section */

/* Begin PBXFileReference section */
		77C418A3220DC885004233FB /* 800-ARAMARK.app */ = {isa = PBXFileReference; explicitFileType = wrapper.application; includeInIndex = 0; path = "800-ARAMARK.app"; sourceTree = BUILT_PRODUCTS_DIR; };
		77C418A6220DC885004233FB /* AppDelegate.swift */ = {isa = PBXFileReference; lastKnownFileType = sourcecode.swift; path = AppDelegate.swift; sourceTree = "<group>"; };
		77C418A8220DC885004233FB /* ViewController.swift */ = {isa = PBXFileReference; lastKnownFileType = sourcecode.swift; path = ViewController.swift; sourceTree = "<group>"; };
		77C418AB220DC885004233FB /* Base */ = {isa = PBXFileReference; lastKnownFileType = file.storyboard; name = Base; path = Base.lproj/Main.storyboard; sourceTree = "<group>"; };
		77C418AD220DC886004233FB /* Assets.xcassets */ = {isa = PBXFileReference; lastKnownFileType = folder.assetcatalog; path = Assets.xcassets; sourceTree = "<group>"; };
		77C418B0220DC886004233FB /* Base */ = {isa = PBXFileReference; lastKnownFileType = file.storyboard; name = Base; path = Base.lproj/LaunchScreen.storyboard; sourceTree = "<group>"; };
		77C418B2220DC886004233FB /* Info.plist */ = {isa = PBXFileReference; lastKnownFileType = text.plist.xml; path = Info.plist; sourceTree = "<group>"; };
		77C418B9220DCB41004233FB /* 800.mp4 */ = {isa = PBXFileReference; lastKnownFileType = file; path = 800.mp4; sourceTree = "<group>"; };
/* End PBXFileReference section */

/* Begin PBXFrameworksBuildPhase section */
		77C418A0220DC885004233FB /* Frameworks */ = {
			isa = PBXFrameworksBuildPhase;
			buildActionMask = 2147483647;
			files = (
			);
			runOnlyForDeploymentPostprocessing = 0;
		};
/* End PBXFrameworksBuildPhase section */

/* Begin PBXGroup section */
		77C4189A220DC885004233FB = {
			isa = PBXGroup;
			children = (
				77C418A5220DC885004233FB /* 800-ARAMARK */,
				77C418A4220DC885004233FB /* Products */,
			);
			sourceTree = "<group>";
		};
		77C418A4220DC885004233FB /* Products */ = {
			isa = PBXGroup;
			children = (
				77C418A3220DC885004233FB /* 800-ARAMARK.app */,
			);
			name = Products;
			sourceTree = "<group>";
		};
		77C418A5220DC885004233FB /* 800-ARAMARK */ = {
			isa = PBXGroup;
			children = (
				77C418B8220DCB2F004233FB /* video */,
				77C418A6220DC885004233FB /* AppDelegate.swift */,
				77C418A8220DC885004233FB /* ViewController.swift */,
				77C418AA220DC885004233FB /* Main.storyboard */,
				77C418AD220DC886004233FB /* Assets.xcassets */,
				77C418AF220DC886004233FB /* LaunchScreen.storyboard */,
				77C418B2220DC886004233FB /* Info.plist */,
			);
			path = "800-ARAMARK";
			sourceTree = "<group>";
		};
		77C418B8220DCB2F004233FB /* video */ = {
			isa = PBXGroup;
			children = (
				77C418B9220DCB41004233FB /* 800.mp4 */,
			);
			path = video;
			sourceTree = "<group>";
		};
/* End PBXGroup section */

/* Begin PBXNativeTarget section */
		77C418A2220DC885004233FB /* 800-ARAMARK */ = {
			isa = PBXNativeTarget;
			buildConfigurationList = 77C418B5220DC886004233FB /* Build configuration list for PBXNativeTarget "800-ARAMARK" */;
			buildPhases = (
				77C4189F220DC885004233FB /* Sources */,
				77C418A0220DC885004233FB /* Frameworks */,
				77C418A1220DC885004233FB /* Resources */,
			);
			buildRules = (
			);
			dependencies = (
			);
			name = "800-ARAMARK";
			productName = "800-ARAMARK";
			productReference = 77C418A3220DC885004233FB /* 800-ARAMARK.app */;
			productType = "com.apple.product-type.application";
		};
/* End PBXNativeTarget section */

/* Begin PBXProject section */
		77C4189B220DC885004233FB /* Project object */ = {
			isa = PBXProject;
			attributes = {
				LastSwiftUpdateCheck = 0940;
				LastUpgradeCheck = 0940;
				ORGANIZATIONNAME = "Pawel Krepsztul";
				TargetAttributes = {
					77C418A2220DC885004233FB = {
						CreatedOnToolsVersion = 9.4;
					};
				};
			};
			buildConfigurationList = 77C4189E220DC885004233FB /* Build configuration list for PBXProject "800-ARAMARK" */;
			compatibilityVersion = "Xcode 9.3";
			developmentRegion = en;
			hasScannedForEncodings = 0;
			knownRegions = (
				en,
				Base,
			);
			mainGroup = 77C4189A220DC885004233FB;
			productRefGroup = 77C418A4220DC885004233FB /* Products */;
			projectDirPath = "";
			projectRoot = "";
			targets = (
				77C418A2220DC885004233FB /* 800-ARAMARK */,
			);
		};
/* End PBXProject section */

/* Begin PBXResourcesBuildPhase section */
		77C418A1220DC885004233FB /* Resources */ = {
			isa = PBXResourcesBuildPhase;
			buildActionMask = 2147483647;
			files = (
				77C418B1220DC886004233FB /* LaunchScreen.storyboard in Resources */,
				77C418AE220DC886004233FB /* Assets.xcassets in Resources */,
				77C418BA220DCC04004233FB /* 800.mp4 in Resources */,
				77C418AC220DC885004233FB /* Main.storyboard in Resources */,
			);
			runOnlyForDeploymentPostprocessing = 0;
		};
/* End PBXResourcesBuildPhase section */

/* Begin PBXSourcesBuildPhase section */
		77C4189F220DC885004233FB /* Sources */ = {
			isa = PBXSourcesBuildPhase;
			buildActionMask = 2147483647;
			files = (
				77C418A9220DC885004233FB /* ViewController.swift in Sources */,
				77C418A7220DC885004233FB /* AppDelegate.swift in Sources */,
			);
			runOnlyForDeploymentPostprocessing = 0;
		};
/* End PBXSourcesBuildPhase section */

/* Begin PBXVariantGroup section */
		77C418AA220DC885004233FB /* Main.storyboard */ = {
			isa = PBXVariantGroup;
			children = (
				77C418AB220DC885004233FB /* Base */,
			);
			name = Main.storyboard;
			sourceTree = "<group>";
		};
		77C418AF220DC886004233FB /* LaunchScreen.storyboard */ = {
			isa = PBXVariantGroup;
			children = (
				77C418B0220DC886004233FB /* Base */,
			);
			name = LaunchScreen.storyboard;
			sourceTree = "<group>";
		};
/* End PBXVariantGroup section */

/* Begin XCBuildConfiguration section */
		77C418B3220DC886004233FB /* Debug */ = {
			isa = XCBuildConfiguration;
			buildSettings = {
				ALWAYS_SEARCH_USER_PATHS = NO;
				CLANG_ANALYZER_NONNULL = YES;
				CLANG_ANALYZER_NUMBER_OBJECT_CONVERSION = YES_AGGRESSIVE;
				CLANG_CXX_LANGUAGE_STANDARD = "gnu++14";
				CLANG_CXX_LIBRARY = "libc++";
				CLANG_ENABLE_MODULES = YES;
				CLANG_ENABLE_OBJC_ARC = YES;
				CLANG_ENABLE_OBJC_WEAK = YES;
				CLANG_WARN_BLOCK_CAPTURE_AUTORELEASING = YES;
				CLANG_WARN_BOOL_CONVERSION = YES;
				CLANG_WARN_COMMA = YES;
				CLANG_WARN_CONSTANT_CONVERSION = YES;
				CLANG_WARN_DEPRECATED_OBJC_IMPLEMENTATIONS = YES;
				CLANG_WARN_DIRECT_OBJC_ISA_USAGE = YES_ERROR;
				CLANG_WARN_DOCUMENTATION_COMMENTS = YES;
				CLANG_WARN_EMPTY_BODY = YES;
				CLANG_WARN_ENUM_CONVERSION = YES;
				CLANG_WARN_INFINITE_RECURSION = YES;
				CLANG_WARN_INT_CONVERSION = YES;
				CLANG_WARN_NON_LITERAL_NULL_CONVERSION = YES;
				CLANG_WARN_OBJC_IMPLICIT_RETAIN_SELF = YES;
				CLANG_WARN_OBJC_LITERAL_CONVERSION = YES;
				CLANG_WARN_OBJC_ROOT_CLASS = YES_ERROR;
				CLANG_WARN_RANGE_LOOP_ANALYSIS = YES;
				CLANG_WARN_STRICT_PROTOTYPES = YES;
				CLANG_WARN_SUSPICIOUS_MOVE = YES;
				CLANG_WARN_UNGUARDED_AVAILABILITY = YES_AGGRESSIVE;
				CLANG_WARN_UNREACHABLE_CODE = YES;
				CLANG_WARN__DUPLICATE_METHOD_MATCH = YES;
				CODE_SIGN_IDENTITY = "iPhone Developer";
				COPY_PHASE_STRIP = NO;
				DEBUG_INFORMATION_FORMAT = dwarf;
				ENABLE_STRICT_OBJC_MSGSEND = YES;
				ENABLE_TESTABILITY = YES;
				GCC_C_LANGUAGE_STANDARD = gnu11;
				GCC_DYNAMIC_NO_PIC = NO;
				GCC_NO_COMMON_BLOCKS = YES;
				GCC_OPTIMIZATION_LEVEL = 0;
				GCC_PREPROCESSOR_DEFINITIONS = (
					"DEBUG=1",
					"$(inherited)",
				);
				GCC_WARN_64_TO_32_BIT_CONVERSION = YES;
				GCC_WARN_ABOUT_RETURN_TYPE = YES_ERROR;
				GCC_WARN_UNDECLARED_SELECTOR = YES;
				GCC_WARN_UNINITIALIZED_AUTOS = YES_AGGRESSIVE;
				GCC_WARN_UNUSED_FUNCTION = YES;
				GCC_WARN_UNUSED_VARIABLE = YES;
				IPHONEOS_DEPLOYMENT_TARGET = 11.4;
				MTL_ENABLE_DEBUG_INFO = YES;
				ONLY_ACTIVE_ARCH = YES;
				SDKROOT = iphoneos;
				SWIFT_ACTIVE_COMPILATION_CONDITIONS = DEBUG;
				SWIFT_OPTIMIZATION_LEVEL = "-Onone";
			};
			name = Debug;
		};
		77C418B4220DC886004233FB /* Release */ = {
			isa = XCBuildConfiguration;
			buildSettings = {
				ALWAYS_SEARCH_USER_PATHS = NO;
				CLANG_ANALYZER_NONNULL = YES;
				CLANG_ANALYZER_NUMBER_OBJECT_CONVERSION = YES_AGGRESSIVE;
				CLANG_CXX_LANGUAGE_STANDARD = "gnu++14";
				CLANG_CXX_LIBRARY = "libc++";
				CLANG_ENABLE_MODULES = YES;
				CLANG_ENABLE_OBJC_ARC = YES;
				CLANG_ENABLE_OBJC_WEAK = YES;
				CLANG_WARN_BLOCK_CAPTURE_AUTORELEASING = YES;
				CLANG_WARN_BOOL_CONVERSION = YES;
				CLANG_WARN_COMMA = YES;
				CLANG_WARN_CONSTANT_CONVERSION = YES;
				CLANG_WARN_DEPRECATED_OBJC_IMPLEMENTATIONS = YES;
				CLANG_WARN_DIRECT_OBJC_ISA_USAGE = YES_ERROR;
				CLANG_WARN_DOCUMENTATION_COMMENTS = YES;
				CLANG_WARN_EMPTY_BODY = YES;
				CLANG_WARN_ENUM_CONVERSION = YES;
				CLANG_WARN_INFINITE_RECURSION = YES;
				CLANG_WARN_INT_CONVERSION = YES;
				CLANG_WARN_NON_LITERAL_NULL_CONVERSION = YES;
				CLANG_WARN_OBJC_IMPLICIT_RETAIN_SELF = YES;
				CLANG_WARN_OBJC_LITERAL_CONVERSION = YES;
				CLANG_WARN_OBJC_ROOT_CLASS = YES_ERROR;
				CLANG_WARN_RANGE_LOOP_ANALYSIS = YES;
				CLANG_WARN_STRICT_PROTOTYPES = YES;
				CLANG_WARN_SUSPICIOUS_MOVE = YES;
				CLANG_WARN_UNGUARDED_AVAILABILITY = YES_AGGRESSIVE;
				CLANG_WARN_UNREACHABLE_CODE = YES;
				CLANG_WARN__DUPLICATE_METHOD_MATCH = YES;
				CODE_SIGN_IDENTITY = "iPhone Developer";
				COPY_PHASE_STRIP = NO;
				DEBUG_INFORMATION_FORMAT = "dwarf-with-dsym";
				ENABLE_NS_ASSERTIONS = NO;
				ENABLE_STRICT_OBJC_MSGSEND = YES;
				GCC_C_LANGUAGE_STANDARD = gnu11;
				GCC_NO_COMMON_BLOCKS = YES;
				GCC_WARN_64_TO_32_BIT_CONVERSION = YES;
				GCC_WARN_ABOUT_RETURN_TYPE = YES_ERROR;
				GCC_WARN_UNDECLARED_SELECTOR = YES;
				GCC_WARN_UNINITIALIZED_AUTOS = YES_AGGRESSIVE;
				GCC_WARN_UNUSED_FUNCTION = YES;
				GCC_WARN_UNUSED_VARIABLE = YES;
				IPHONEOS_DEPLOYMENT_TARGET = 11.4;
				MTL_ENABLE_DEBUG_INFO = NO;
				SDKROOT = iphoneos;
				SWIFT_COMPILATION_MODE = wholemodule;
				SWIFT_OPTIMIZATION_LEVEL = "-O";
				VALIDATE_PRODUCT = YES;
			};
			name = Release;
		};
		77C418B6220DC886004233FB /* Debug */ = {
			isa = XCBuildConfiguration;
			buildSettings = {
				ASSETCATALOG_COMPILER_APPICON_NAME = AppIcon;
				CODE_SIGN_IDENTITY = "Apple Development";
				CODE_SIGN_STYLE = Automatic;
				CURRENT_PROJECT_VERSION = 1.4;
				DEVELOPMENT_TEAM = TEFKXGKP5H;
				INFOPLIST_FILE = "800-ARAMARK/Info.plist";
				IPHONEOS_DEPLOYMENT_TARGET = 10.3;
				LD_RUNPATH_SEARCH_PATHS = (
					"$(inherited)",
					"@executable_path/Frameworks",
				);
				MARKETING_VERSION = 1.4;
				PRODUCT_BUNDLE_IDENTIFIER = "com.aramark.-00-ARAMARK";
				PRODUCT_NAME = "$(TARGET_NAME)";
				PROVISIONING_PROFILE = "";
				PROVISIONING_PROFILE_SPECIFIER = "";
				SWIFT_VERSION = 4.0;
				TARGETED_DEVICE_FAMILY = "1,2";
			};
			name = Debug;
		};
		77C418B7220DC886004233FB /* Release */ = {
			isa = XCBuildConfiguration;
			buildSettings = {
				ASSETCATALOG_COMPILER_APPICON_NAME = AppIcon;
				CODE_SIGN_IDENTITY = "Apple Development";
				CODE_SIGN_STYLE = Automatic;
				CURRENT_PROJECT_VERSION = 1.4;
				DEVELOPMENT_TEAM = TEFKXGKP5H;
				INFOPLIST_FILE = "800-ARAMARK/Info.plist";
				IPHONEOS_DEPLOYMENT_TARGET = 10.3;
				LD_RUNPATH_SEARCH_PATHS = (
					"$(inherited)",
					"@executable_path/Frameworks",
				);
				MARKETING_VERSION = 1.4;
				PRODUCT_BUNDLE_IDENTIFIER = "com.aramark.-00-ARAMARK";
				PRODUCT_NAME = "$(TARGET_NAME)";
				PROVISIONING_PROFILE_SPECIFIER = "";
				SWIFT_VERSION = 4.0;
				TARGETED_DEVICE_FAMILY = "1,2";
			};
			name = Release;
		};
/* End XCBuildConfiguration section */

/* Begin XCConfigurationList section */
		77C4189E220DC885004233FB /* Build configuration list for PBXProject "800-ARAMARK" */ = {
			isa = XCConfigurationList;
			buildConfigurations = (
				77C418B3220DC886004233FB /* Debug */,
				77C418B4220DC886004233FB /* Release */,
			);
			defaultConfigurationIsVisible = 0;
			defaultConfigurationName = Release;
		};
		77C418B5220DC886004233FB /* Build configuration list for PBXNativeTarget "800-ARAMARK" */ = {
			isa = XCConfigurationList;
			buildConfigurations = (
				77C418B6220DC886004233FB /* Debug */,
				77C418B7220DC886004233FB /* Release */,
			);
			defaultConfigurationIsVisible = 0;
			defaultConfigurationName = Release;
		};
/* End XCConfigurationList section */
	};
	rootObject = 77C4189B220DC885004233FB /* Project object */;
}
